
Microsoft Visual Studio Solution File, Format Version 12.00
# Visual Studio Version 17
VisualStudioVersion = 17.4.33213.308
MinimumVisualStudioVersion = 10.0.40219.1
Project("{2150E333-8FDC-42A3-9474-1A3956D46DE8}") = "Core", "Core", "{D7586AC0-B9B8-4219-AB30-EEA3D5E8A2E1}"
EndProject
Project("{2150E333-8FDC-42A3-9474-1A3956D46DE8}") = "PaymentService", "PaymentService", "{36A0B9C4-6C85-4B42-A95B-6B6885BEE1A1}"
EndProject
Project("{2150E333-8FDC-42A3-9474-1A3956D46DE8}") = "BookingService", "BookingService", "{7988059E-D47F-40F2-875A-9D2CAA5F6006}"
EndProject
Project("{2150E333-8FDC-42A3-9474-1A3956D46DE8}") = "Domain", "Domain", "{1F6CC410-B610-41AE-82C5-4B5E55E7E974}"
EndProject
Project("{2150E333-8FDC-42A3-9474-1A3956D46DE8}") = "Application", "Application", "{669DDFAB-FF0E-43C7-80C2-8F4A86F659C1}"
EndProject
Project("{2150E333-8FDC-42A3-9474-1A3956D46DE8}") = "Comsumers", "Comsumers", "{52908DF9-B595-4832-A87B-0F0BEF1201A6}"
EndProject
Project("{2150E333-8FDC-42A3-9474-1A3956D46DE8}") = "Tests", "Tests", "{527AFECF-0C62-4252-917B-E5DEBE22CC86}"
EndProject
Project("{FAE04EC0-301F-11D3-BF4B-00C04F79EFBC}") = "Domain", "BookingService\Core\Domain\Domain.csproj", "{1A384859-E112-4C0E-9B62-B786B9C44482}"
EndProject
Project("{FAE04EC0-301F-11D3-BF4B-00C04F79EFBC}") = "Application", "BookingService\Core\Application\Application.csproj", "{E0C52A4D-7AD2-49CB-84DB-5D8F544B4EFB}"
EndProject
Project("{2150E333-8FDC-42A3-9474-1A3956D46DE8}") = "Domain", "Domain", "{1C984956-BA33-48B2-9FC7-7440A9A5F796}"
EndProject
Project("{2150E333-8FDC-42A3-9474-1A3956D46DE8}") = "Application", "Application", "{6AF3D1DF-1E17-4A32-9033-7CF66CAA3DEF}"
EndProject
Project("{2150E333-8FDC-42A3-9474-1A3956D46DE8}") = "Adapters", "Adapters", "{AE625154-058C-4168-9811-9693BB90826D}"
EndProject
Project("{FAE04EC0-301F-11D3-BF4B-00C04F79EFBC}") = "DomainTests", "BookingService\Tests\DomainTests\DomainTests.csproj", "{3DB1AFDE-763C-4247-9388-556240FA1FC2}"
EndProject
Project("{FAE04EC0-301F-11D3-BF4B-00C04F79EFBC}") = "ApplicationTests", "BookingService\Tests\ApplicationTests\ApplicationTests.csproj", "{2BF988B9-82BF-46C4-9FA1-F2200B12F6DB}"
EndProject
Project("{FAE04EC0-301F-11D3-BF4B-00C04F79EFBC}") = "AdaptersTests", "BookingService\Tests\AdaptersTests\AdaptersTests.csproj", "{4AD65FE9-5679-4913-B843-51A7A8E6A702}"
EndProject
Project("{FAE04EC0-301F-11D3-BF4B-00C04F79EFBC}") = "API", "BookingService\Comsumers\API\API.csproj", "{1EC7085B-6F4D-4589-A538-BA3BB90368EF}"
EndProject
Project("{2150E333-8FDC-42A3-9474-1A3956D46DE8}") = "Adapters", "Adapters", "{BB72C27F-75D4-4A7A-9598-C20E9A6998FD}"
EndProject
Project("{FAE04EC0-301F-11D3-BF4B-00C04F79EFBC}") = "Data", "BookingService\Adapters\Data\Data.csproj", "{AC5E3948-EC57-45AF-A107-324CF1264791}"
EndProject
Global
	GlobalSection(SolutionConfigurationPlatforms) = preSolution
		Debug|Any CPU = Debug|Any CPU
		Release|Any CPU = Release|Any CPU
	EndGlobalSection
	GlobalSection(ProjectConfigurationPlatforms) = postSolution
		{1A384859-E112-4C0E-9B62-B786B9C44482}.Debug|Any CPU.ActiveCfg = Debug|Any CPU
		{1A384859-E112-4C0E-9B62-B786B9C44482}.Debug|Any CPU.Build.0 = Debug|Any CPU
		{1A384859-E112-4C0E-9B62-B786B9C44482}.Release|Any CPU.ActiveCfg = Release|Any CPU
		{1A384859-E112-4C0E-9B62-B786B9C44482}.Release|Any CPU.Build.0 = Release|Any CPU
		{E0C52A4D-7AD2-49CB-84DB-5D8F544B4EFB}.Debug|Any CPU.ActiveCfg = Debug|Any CPU
		{E0C52A4D-7AD2-49CB-84DB-5D8F544B4EFB}.Debug|Any CPU.Build.0 = Debug|Any CPU
		{E0C52A4D-7AD2-49CB-84DB-5D8F544B4EFB}.Release|Any CPU.ActiveCfg = Release|Any CPU
		{E0C52A4D-7AD2-49CB-84DB-5D8F544B4EFB}.Release|Any CPU.Build.0 = Release|Any CPU
		{3DB1AFDE-763C-4247-9388-556240FA1FC2}.Debug|Any CPU.ActiveCfg = Debug|Any CPU
		{3DB1AFDE-763C-4247-9388-556240FA1FC2}.Debug|Any CPU.Build.0 = Debug|Any CPU
		{3DB1AFDE-763C-4247-9388-556240FA1FC2}.Release|Any CPU.ActiveCfg = Release|Any CPU
		{3DB1AFDE-763C-4247-9388-556240FA1FC2}.Release|Any CPU.Build.0 = Release|Any CPU
		{2BF988B9-82BF-46C4-9FA1-F2200B12F6DB}.Debug|Any CPU.ActiveCfg = Debug|Any CPU
		{2BF988B9-82BF-46C4-9FA1-F2200B12F6DB}.Debug|Any CPU.Build.0 = Debug|Any CPU
		{2BF988B9-82BF-46C4-9FA1-F2200B12F6DB}.Release|Any CPU.ActiveCfg = Release|Any CPU
		{2BF988B9-82BF-46C4-9FA1-F2200B12F6DB}.Release|Any CPU.Build.0 = Release|Any CPU
		{4AD65FE9-5679-4913-B843-51A7A8E6A702}.Debug|Any CPU.ActiveCfg = Debug|Any CPU
		{4AD65FE9-5679-4913-B843-51A7A8E6A702}.Debug|Any CPU.Build.0 = Debug|Any CPU
		{4AD65FE9-5679-4913-B843-51A7A8E6A702}.Release|Any CPU.ActiveCfg = Release|Any CPU
		{4AD65FE9-5679-4913-B843-51A7A8E6A702}.Release|Any CPU.Build.0 = Release|Any CPU
		{1EC7085B-6F4D-4589-A538-BA3BB90368EF}.Debug|Any CPU.ActiveCfg = Debug|Any CPU
		{1EC7085B-6F4D-4589-A538-BA3BB90368EF}.Debug|Any CPU.Build.0 = Debug|Any CPU
		{1EC7085B-6F4D-4589-A538-BA3BB90368EF}.Release|Any CPU.ActiveCfg = Release|Any CPU
		{1EC7085B-6F4D-4589-A538-BA3BB90368EF}.Release|Any CPU.Build.0 = Release|Any CPU
		{AC5E3948-EC57-45AF-A107-324CF1264791}.Debug|Any CPU.ActiveCfg = Debug|Any CPU
		{AC5E3948-EC57-45AF-A107-324CF1264791}.Debug|Any CPU.Build.0 = Debug|Any CPU
		{AC5E3948-EC57-45AF-A107-324CF1264791}.Release|Any CPU.ActiveCfg = Release|Any CPU
		{AC5E3948-EC57-45AF-A107-324CF1264791}.Release|Any CPU.Build.0 = Release|Any CPU
	EndGlobalSection
	GlobalSection(SolutionProperties) = preSolution
		HideSolutionNode = FALSE
	EndGlobalSection
	GlobalSection(NestedProjects) = preSolution
		{D7586AC0-B9B8-4219-AB30-EEA3D5E8A2E1} = {7988059E-D47F-40F2-875A-9D2CAA5F6006}
		{1F6CC410-B610-41AE-82C5-4B5E55E7E974} = {D7586AC0-B9B8-4219-AB30-EEA3D5E8A2E1}
		{669DDFAB-FF0E-43C7-80C2-8F4A86F659C1} = {D7586AC0-B9B8-4219-AB30-EEA3D5E8A2E1}
		{52908DF9-B595-4832-A87B-0F0BEF1201A6} = {7988059E-D47F-40F2-875A-9D2CAA5F6006}
		{527AFECF-0C62-4252-917B-E5DEBE22CC86} = {7988059E-D47F-40F2-875A-9D2CAA5F6006}
		{1A384859-E112-4C0E-9B62-B786B9C44482} = {1F6CC410-B610-41AE-82C5-4B5E55E7E974}
		{E0C52A4D-7AD2-49CB-84DB-5D8F544B4EFB} = {669DDFAB-FF0E-43C7-80C2-8F4A86F659C1}
		{1C984956-BA33-48B2-9FC7-7440A9A5F796} = {527AFECF-0C62-4252-917B-E5DEBE22CC86}
		{6AF3D1DF-1E17-4A32-9033-7CF66CAA3DEF} = {527AFECF-0C62-4252-917B-E5DEBE22CC86}
		{AE625154-058C-4168-9811-9693BB90826D} = {527AFECF-0C62-4252-917B-E5DEBE22CC86}
		{3DB1AFDE-763C-4247-9388-556240FA1FC2} = {1C984956-BA33-48B2-9FC7-7440A9A5F796}
		{2BF988B9-82BF-46C4-9FA1-F2200B12F6DB} = {6AF3D1DF-1E17-4A32-9033-7CF66CAA3DEF}
		{4AD65FE9-5679-4913-B843-51A7A8E6A702} = {AE625154-058C-4168-9811-9693BB90826D}
		{1EC7085B-6F4D-4589-A538-BA3BB90368EF} = {52908DF9-B595-4832-A87B-0F0BEF1201A6}
		{BB72C27F-75D4-4A7A-9598-C20E9A6998FD} = {7988059E-D47F-40F2-875A-9D2CAA5F6006}
		{AC5E3948-EC57-45AF-A107-324CF1264791} = {BB72C27F-75D4-4A7A-9598-C20E9A6998FD}
	EndGlobalSection
	GlobalSection(ExtensibilityGlobals) = postSolution
		SolutionGuid = {E0B3C75B-D448-4F49-8390-C7DF3E650BFC}
	EndGlobalSection
EndGlobal
